PODS:
  - Alamofire (5.9.1)
  - MarkdownKit (1.7.1)

DEPENDENCIES:
  - Alamofire (~> 5.9.1)
  - MarkdownKit (~> 1.7.1)

SPEC REPOS:
  trunk:
    - Alamofire
    - MarkdownKit

SPEC CHECKSUMS:
  Alamofire: f36a35757af4587d8e4f4bfa223ad10be2422b8c
  MarkdownKit: 0b15195c63cf3e39387949c4bdeccde0055e252a

PODFILE CHECKSUM: 5988fe1f7d051caff5d4cb72d96be3ff97ed76e3

COCOAPODS: 1.15.2
